{
  "name": "@f0c1s/escape-html",
  "version": "2020.0.0",
  "lockfileVersion": 2,
  "requires": true,
  "packages": {
    "": {
      "name": "@f0c1s/escape-html",
      "version": "2020.0.0",
      "license": "MIT",
      "dependencies": {
        "@f0c1s/escape": "^2018.11.12",
        "@f0c1s/pad": "^2018.11.13",
        "@f0c1s/safe-ascii": "^2018.11.13"
      }
    },
    "node_modules/@f0c1s/escape": {
      "version": "2018.11.12",
      "resolved": "https://registry.npmjs.org/@f0c1s/escape/-/escape-2018.11.12.tgz",
      "integrity": "sha512-NsrRr9oxD8+z3N8usy/H0HbVoFSw93/zufqJ+Q6zmaKNecHmsA3nJasSTKUys0rZv0PArpSPgLjcL+bgCvsFOA=="
    },
    "node_modules/@f0c1s/pad": {
      "version": "2018.11.13",
      "resolved": "https://registry.npmjs.org/@f0c1s/pad/-/pad-2018.11.13.tgz",
      "integrity": "sha512-NKTIXQCl30T5J3W3ZE94zEcs7cuw0OzXYWfjU9OL+S5/wZw6oOx6jGlOM5+2KZ7uBaWPnd10anbjY8ALrCgaqA=="
    },
    "node_modules/@f0c1s/safe-ascii": {
      "version": "2018.11.13",
      "resolved": "https://registry.npmjs.org/@f0c1s/safe-ascii/-/safe-ascii-2018.11.13.tgz",
      "integrity": "sha512-YSowSsFaJPfdDJ9ulvSlD4yiyNEDwjGfBa+YZ52YXzovcd5LKaHWLFPsp+Q8sM7hrWPX8g/bCfoxoi6UGXpxyA=="
    }
  },
  "dependencies": {
    "@f0c1s/escape": {
      "version": "2018.11.12",
      "resolved": "https://registry.npmjs.org/@f0c1s/escape/-/escape-2018.11.12.tgz",
      "integrity": "sha512-NsrRr9oxD8+z3N8usy/H0HbVoFSw93/zufqJ+Q6zmaKNecHmsA3nJasSTKUys0rZv0PArpSPgLjcL+bgCvsFOA=="
    },
    "@f0c1s/pad": {
      "version": "2018.11.13",
      "resolved": "https://registry.npmjs.org/@f0c1s/pad/-/pad-2018.11.13.tgz",
      "integrity": "sha512-NKTIXQCl30T5J3W3ZE94zEcs7cuw0OzXYWfjU9OL+S5/wZw6oOx6jGlOM5+2KZ7uBaWPnd10anbjY8ALrCgaqA=="
    },
    "@f0c1s/safe-ascii": {
      "version": "2018.11.13",
      "resolved": "https://registry.npmjs.org/@f0c1s/safe-ascii/-/safe-ascii-2018.11.13.tgz",
      "integrity": "sha512-YSowSsFaJPfdDJ9ulvSlD4yiyNEDwjGfBa+YZ52YXzovcd5LKaHWLFPsp+Q8sM7hrWPX8g/bCfoxoi6UGXpxyA=="
    }
  }
}
